// !$*UTF8*$!
{
	archiveVersion = 1;
	classes = {
	};
	objectVersion = 50;
	objects = {

/* Begin PBXBuildFile section */
		D3F75E5526EB73FD0036BEA2 /* AppDelegate.swift in Sources */ = {isa = PBXBuildFile; fileRef = D3F75E5426EB73FD0036BEA2 /* AppDelegate.swift */; };
		D3F75E5726EB73FD0036BEA2 /* SceneDelegate.swift in Sources */ = {isa = PBXBuildFile; fileRef = D3F75E5626EB73FD0036BEA2 /* SceneDelegate.swift */; };
		D3F75E5926EB73FD0036BEA2 /* ViewController.swift in Sources */ = {isa = PBXBuildFile; fileRef = D3F75E5826EB73FD0036BEA2 /* ViewController.swift */; };
		D3F75E5C26EB73FD0036BEA2 /* Main.storyboard in Resources */ = {isa = PBXBuildFile; fileRef = D3F75E5A26EB73FD0036BEA2 /* Main.storyboard */; };
		D3F75E5E26EB74000036BEA2 /* Assets.xcassets in Resources */ = {isa = PBXBuildFile; fileRef = D3F75E5D26EB74000036BEA2 /* Assets.xcassets */; };
		D3F75E6126EB74000036BEA2 /* LaunchScreen.storyboard in Resources */ = {isa = PBXBuildFile; fileRef = D3F75E5F26EB74000036BEA2 /* LaunchScreen.storyboard */; };
		D3F75E6A26EB75260036BEA2 /* TableViewCell.swift in Sources */ = {isa = PBXBuildFile; fileRef = D3F75E6826EB75260036BEA2 /* TableViewCell.swift */; };
		D3F75E6B26EB75260036BEA2 /* TableViewCell.xib in Resources */ = {isa = PBXBuildFile; fileRef = D3F75E6926EB75260036BEA2 /* TableViewCell.xib */; };
/* End PBXBuildFile section */

/* Begin PBXFileReference section */
		D3F75E5126EB73FD0036BEA2 /* Test Application.app */ = {isa = PBXFileReference; explicitFileType = wrapper.application; includeInIndex = 0; path = "Test Application.app"; sourceTree = BUILT_PRODUCTS_DIR; };
		D3F75E5426EB73FD0036BEA2 /* AppDelegate.swift */ = {isa = PBXFileReference; lastKnownFileType = sourcecode.swift; path = AppDelegate.swift; sourceTree = "<group>"; };
		D3F75E5626EB73FD0036BEA2 /* SceneDelegate.swift */ = {isa = PBXFileReference; lastKnownFileType = sourcecode.swift; path = SceneDelegate.swift; sourceTree = "<group>"; };
		D3F75E5826EB73FD0036BEA2 /* ViewController.swift */ = {isa = PBXFileReference; lastKnownFileType = sourcecode.swift; path = ViewController.swift; sourceTree = "<group>"; };
		D3F75E5B26EB73FD0036BEA2 /* Base */ = {isa = PBXFileReference; lastKnownFileType = file.storyboard; name = Base; path = Base.lproj/Main.storyboard; sourceTree = "<group>"; };
		D3F75E5D26EB74000036BEA2 /* Assets.xcassets */ = {isa = PBXFileReference; lastKnownFileType = folder.assetcatalog; path = Assets.xcassets; sourceTree = "<group>"; };
		D3F75E6026EB74000036BEA2 /* Base */ = {isa = PBXFileReference; lastKnownFileType = file.storyboard; name = Base; path = Base.lproj/LaunchScreen.storyboard; sourceTree = "<group>"; };
		D3F75E6226EB74000036BEA2 /* Info.plist */ = {isa = PBXFileReference; lastKnownFileType = text.plist.xml; path = Info.plist; sourceTree = "<group>"; };
		D3F75E6826EB75260036BEA2 /* TableViewCell.swift */ = {isa = PBXFileReference; lastKnownFileType = sourcecode.swift; path = TableViewCell.swift; sourceTree = "<group>"; };
		D3F75E6926EB75260036BEA2 /* TableViewCell.xib */ = {isa = PBXFileReference; lastKnownFileType = file.xib; path = TableViewCell.xib; sourceTree = "<group>"; };
/* End PBXFileReference section */

/* Begin PBXFrameworksBuildPhase section */
		D3F75E4E26EB73FD0036BEA2 /* Frameworks */ = {
			isa = PBXFrameworksBuildPhase;
			buildActionMask = 2147483647;
			files = (
			);
			runOnlyForDeploymentPostprocessing = 0;
		};
/* End PBXFrameworksBuildPhase section */

/* Begin PBXGroup section */
		D3F75E4826EB73FD0036BEA2 = {
			isa = PBXGroup;
			children = (
				D3F75E5326EB73FD0036BEA2 /* Test Application */,
				D3F75E5226EB73FD0036BEA2 /* Products */,
			);
			sourceTree = "<group>";
		};
		D3F75E5226EB73FD0036BEA2 /* Products */ = {
			isa = PBXGroup;
			children = (
				D3F75E5126EB73FD0036BEA2 /* Test Application.app */,
			);
			name = Products;
			sourceTree = "<group>";
		};
		D3F75E5326EB73FD0036BEA2 /* Test Application */ = {
			isa = PBXGroup;
			children = (
				D3F75E5426EB73FD0036BEA2 /* AppDelegate.swift */,
				D3F75E5626EB73FD0036BEA2 /* SceneDelegate.swift */,
				D3F75E5826EB73FD0036BEA2 /* ViewController.swift */,
				D3F75E5A26EB73FD0036BEA2 /* Main.storyboard */,
				D3F75E5D26EB74000036BEA2 /* Assets.xcassets */,
				D3F75E5F26EB74000036BEA2 /* LaunchScreen.storyboard */,
				D3F75E6226EB74000036BEA2 /* Info.plist */,
				D3F75E6C26EB752C0036BEA2 /* Table View Cell */,
			);
			path = "Test Application";
			sourceTree = "<group>";
		};
		D3F75E6C26EB752C0036BEA2 /* Table View Cell */ = {
			isa = PBXGroup;
			children = (
				D3F75E6826EB75260036BEA2 /* TableViewCell.swift */,
				D3F75E6926EB75260036BEA2 /* TableViewCell.xib */,
			);
			path = "Table View Cell";
			sourceTree = "<group>";
		};
/* End PBXGroup section */

/* Begin PBXNativeTarget section */
		D3F75E5026EB73FD0036BEA2 /* Test Application */ = {
			isa = PBXNativeTarget;
			buildConfigurationList = D3F75E6526EB74000036BEA2 /* Build configuration list for PBXNativeTarget "Test Application" */;
			buildPhases = (
				D3F75E4D26EB73FD0036BEA2 /* Sources */,
				D3F75E4E26EB73FD0036BEA2 /* Frameworks */,
				D3F75E4F26EB73FD0036BEA2 /* Resources */,
			);
			buildRules = (
			);
			dependencies = (
			);
			name = "Test Application";
			productName = "Test Application";
			productReference = D3F75E5126EB73FD0036BEA2 /* Test Application.app */;
			productType = "com.apple.product-type.application";
		};
/* End PBXNativeTarget section */

/* Begin PBXProject section */
		D3F75E4926EB73FD0036BEA2 /* Project object */ = {
			isa = PBXProject;
			attributes = {
				LastSwiftUpdateCheck = 1250;
				LastUpgradeCheck = 1250;
				TargetAttributes = {
					D3F75E5026EB73FD0036BEA2 = {
						CreatedOnToolsVersion = 12.5.1;
					};
				};
			};
			buildConfigurationList = D3F75E4C26EB73FD0036BEA2 /* Build configuration list for PBXProject "Test Application" */;
			compatibilityVersion = "Xcode 9.3";
			developmentRegion = en;
			hasScannedForEncodings = 0;
			knownRegions = (
				en,
				Base,
			);
			mainGroup = D3F75E4826EB73FD0036BEA2;
			productRefGroup = D3F75E5226EB73FD0036BEA2 /* Products */;
			projectDirPath = "";
			projectRoot = "";
			targets = (
				D3F75E5026EB73FD0036BEA2 /* Test Application */,
			);
		};
/* End PBXProject section */

/* Begin PBXResourcesBuildPhase section */
		D3F75E4F26EB73FD0036BEA2 /* Resources */ = {
			isa = PBXResourcesBuildPhase;
			buildActionMask = 2147483647;
			files = (
				D3F75E6126EB74000036BEA2 /* LaunchScreen.storyboard in Resources */,
				D3F75E6B26EB75260036BEA2 /* TableViewCell.xib in Resources */,
				D3F75E5E26EB74000036BEA2 /* Assets.xcassets in Resources */,
				D3F75E5C26EB73FD0036BEA2 /* Main.storyboard in Resources */,
			);
			runOnlyForDeploymentPostprocessing = 0;
		};
/* End PBXResourcesBuildPhase section */

/* Begin PBXSourcesBuildPhase section */
		D3F75E4D26EB73FD0036BEA2 /* Sources */ = {
			isa = PBXSourcesBuildPhase;
			buildActionMask = 2147483647;
			files = (
				D3F75E5926EB73FD0036BEA2 /* ViewController.swift in Sources */,
				D3F75E6A26EB75260036BEA2 /* TableViewCell.swift in Sources */,
				D3F75E5526EB73FD0036BEA2 /* AppDelegate.swift in Sources */,
				D3F75E5726EB73FD0036BEA2 /* SceneDelegate.swift in Sources */,
			);
			runOnlyForDeploymentPostprocessing = 0;
		};
/* End PBXSourcesBuildPhase section */

/* Begin PBXVariantGroup section */
		D3F75E5A26EB73FD0036BEA2 /* Main.storyboard */ = {
			isa = PBXVariantGroup;
			children = (
				D3F75E5B26EB73FD0036BEA2 /* Base */,
			);
			name = Main.storyboard;
			sourceTree = "<group>";
		};
		D3F75E5F26EB74000036BEA2 /* LaunchScreen.storyboard */ = {
			isa = PBXVariantGroup;
			children = (
				D3F75E6026EB74000036BEA2 /* Base */,
			);
			name = LaunchScreen.storyboard;
			sourceTree = "<group>";
		};
/* End PBXVariantGroup section */

/* Begin XCBuildConfiguration section */
		D3F75E6326EB74000036BEA2 /* Debug */ = {
			isa = XCBuildConfiguration;
			buildSettings = {
				ALWAYS_SEARCH_USER_PATHS = NO;
				CLANG_ANALYZER_NONNULL = YES;
				CLANG_ANALYZER_NUMBER_OBJECT_CONVERSION = YES_AGGRESSIVE;
				CLANG_CXX_LANGUAGE_STANDARD = "gnu++14";
				CLANG_CXX_LIBRARY = "libc++";
				CLANG_ENABLE_MODULES = YES;
				CLANG_ENABLE_OBJC_ARC = YES;
				CLANG_ENABLE_OBJC_WEAK = YES;
				CLANG_WARN_BLOCK_CAPTURE_AUTORELEASING = YES;
				CLANG_WARN_BOOL_CONVERSION = YES;
				CLANG_WARN_COMMA = YES;
				CLANG_WARN_CONSTANT_CONVERSION = YES;
				CLANG_WARN_DEPRECATED_OBJC_IMPLEMENTATIONS = YES;
				CLANG_WARN_DIRECT_OBJC_ISA_USAGE = YES_ERROR;
				CLANG_WARN_DOCUMENTATION_COMMENTS = YES;
				CLANG_WARN_EMPTY_BODY = YES;
				CLANG_WARN_ENUM_CONVERSION = YES;
				CLANG_WARN_INFINITE_RECURSION = YES;
				CLANG_WARN_INT_CONVERSION = YES;
				CLANG_WARN_NON_LITERAL_NULL_CONVERSION = YES;
				CLANG_WARN_OBJC_IMPLICIT_RETAIN_SELF = YES;
				CLANG_WARN_OBJC_LITERAL_CONVERSION = YES;
				CLANG_WARN_OBJC_ROOT_CLASS = YES_ERROR;
				CLANG_WARN_QUOTED_INCLUDE_IN_FRAMEWORK_HEADER = YES;
				CLANG_WARN_RANGE_LOOP_ANALYSIS = YES;
				CLANG_WARN_STRICT_PROTOTYPES = YES;
				CLANG_WARN_SUSPICIOUS_MOVE = YES;
				CLANG_WARN_UNGUARDED_AVAILABILITY = YES_AGGRESSIVE;
				CLANG_WARN_UNREACHABLE_CODE = YES;
				CLANG_WARN__DUPLICATE_METHOD_MATCH = YES;
				COPY_PHASE_STRIP = NO;
				DEBUG_INFORMATION_FORMAT = dwarf;
				ENABLE_STRICT_OBJC_MSGSEND = YES;
				ENABLE_TESTABILITY = YES;
				GCC_C_LANGUAGE_STANDARD = gnu11;
				GCC_DYNAMIC_NO_PIC = NO;
				GCC_NO_COMMON_BLOCKS = YES;
				GCC_OPTIMIZATION_LEVEL = 0;
				GCC_PREPROCESSOR_DEFINITIONS = (
					"DEBUG=1",
					"$(inherited)",
				);
				GCC_WARN_64_TO_32_BIT_CONVERSION = YES;
				GCC_WARN_ABOUT_RETURN_TYPE = YES_ERROR;
				GCC_WARN_UNDECLARED_SELECTOR = YES;
				GCC_WARN_UNINITIALIZED_AUTOS = YES_AGGRESSIVE;
				GCC_WARN_UNUSED_FUNCTION = YES;
				GCC_WARN_UNUSED_VARIABLE = YES;
				IPHONEOS_DEPLOYMENT_TARGET = 14.5;
				MTL_ENABLE_DEBUG_INFO = INCLUDE_SOURCE;
				MTL_FAST_MATH = YES;
				ONLY_ACTIVE_ARCH = YES;
				SDKROOT = iphoneos;
				SWIFT_ACTIVE_COMPILATION_CONDITIONS = DEBUG;
				SWIFT_OPTIMIZATION_LEVEL = "-Onone";
			};
			name = Debug;
		};
		D3F75E6426EB74000036BEA2 /* Release */ = {
			isa = XCBuildConfiguration;
			buildSettings = {
				ALWAYS_SEARCH_USER_PATHS = NO;
				CLANG_ANALYZER_NONNULL = YES;
				CLANG_ANALYZER_NUMBER_OBJECT_CONVERSION = YES_AGGRESSIVE;
				CLANG_CXX_LANGUAGE_STANDARD = "gnu++14";
				CLANG_CXX_LIBRARY = "libc++";
				CLANG_ENABLE_MODULES = YES;
				CLANG_ENABLE_OBJC_ARC = YES;
				CLANG_ENABLE_OBJC_WEAK = YES;
				CLANG_WARN_BLOCK_CAPTURE_AUTORELEASING = YES;
				CLANG_WARN_BOOL_CONVERSION = YES;
				CLANG_WARN_COMMA = YES;
				CLANG_WARN_CONSTANT_CONVERSION = YES;
				CLANG_WARN_DEPRECATED_OBJC_IMPLEMENTATIONS = YES;
				CLANG_WARN_DIRECT_OBJC_ISA_USAGE = YES_ERROR;
				CLANG_WARN_DOCUMENTATION_COMMENTS = YES;
				CLANG_WARN_EMPTY_BODY = YES;
				CLANG_WARN_ENUM_CONVERSION = YES;
				CLANG_WARN_INFINITE_RECURSION = YES;
				CLANG_WARN_INT_CONVERSION = YES;
				CLANG_WARN_NON_LITERAL_NULL_CONVERSION = YES;
				CLANG_WARN_OBJC_IMPLICIT_RETAIN_SELF = YES;
				CLANG_WARN_OBJC_LITERAL_CONVERSION = YES;
				CLANG_WARN_OBJC_ROOT_CLASS = YES_ERROR;
				CLANG_WARN_QUOTED_INCLUDE_IN_FRAMEWORK_HEADER = YES;
				CLANG_WARN_RANGE_LOOP_ANALYSIS = YES;
				CLANG_WARN_STRICT_PROTOTYPES = YES;
				CLANG_WARN_SUSPICIOUS_MOVE = YES;
				CLANG_WARN_UNGUARDED_AVAILABILITY = YES_AGGRESSIVE;
				CLANG_WARN_UNREACHABLE_CODE = YES;
				CLANG_WARN__DUPLICATE_METHOD_MATCH = YES;
				COPY_PHASE_STRIP = NO;
				DEBUG_INFORMATION_FORMAT = "dwarf-with-dsym";
				ENABLE_NS_ASSERTIONS = NO;
				ENABLE_STRICT_OBJC_MSGSEND = YES;
				GCC_C_LANGUAGE_STANDARD = gnu11;
				GCC_NO_COMMON_BLOCKS = YES;
				GCC_WARN_64_TO_32_BIT_CONVERSION = YES;
				GCC_WARN_ABOUT_RETURN_TYPE = YES_ERROR;
				GCC_WARN_UNDECLARED_SELECTOR = YES;
				GCC_WARN_UNINITIALIZED_AUTOS = YES_AGGRESSIVE;
				GCC_WARN_UNUSED_FUNCTION = YES;
				GCC_WARN_UNUSED_VARIABLE = YES;
				IPHONEOS_DEPLOYMENT_TARGET = 14.5;
				MTL_ENABLE_DEBUG_INFO = NO;
				MTL_FAST_MATH = YES;
				SDKROOT = iphoneos;
				SWIFT_COMPILATION_MODE = wholemodule;
				SWIFT_OPTIMIZATION_LEVEL = "-O";
				VALIDATE_PRODUCT = YES;
			};
			name = Release;
		};
		D3F75E6626EB74000036BEA2 /* Debug */ = {
			isa = XCBuildConfiguration;
			buildSettings = {
				ASSETCATALOG_COMPILER_APPICON_NAME = AppIcon;
				ASSETCATALOG_COMPILER_GLOBAL_ACCENT_COLOR_NAME = AccentColor;
				CODE_SIGN_STYLE = Automatic;
				DEVELOPMENT_TEAM = 93D5UY8988;
				INFOPLIST_FILE = "Test Application/Info.plist";
				LD_RUNPATH_SEARCH_PATHS = (
					"$(inherited)",
					"@executable_path/Frameworks",
				);
				PRODUCT_BUNDLE_IDENTIFIER = "test.Test-Application";
				PRODUCT_NAME = "$(TARGET_NAME)";
				SWIFT_VERSION = 5.0;
				TARGETED_DEVICE_FAMILY = "1,2";
			};
			name = Debug;
		};
		D3F75E6726EB74000036BEA2 /* Release */ = {
			isa = XCBuildConfiguration;
			buildSettings = {
				ASSETCATALOG_COMPILER_APPICON_NAME = AppIcon;
				ASSETCATALOG_COMPILER_GLOBAL_ACCENT_COLOR_NAME = AccentColor;
				CODE_SIGN_STYLE = Automatic;
				DEVELOPMENT_TEAM = 93D5UY8988;
				INFOPLIST_FILE = "Test Application/Info.plist";
				LD_RUNPATH_SEARCH_PATHS = (
					"$(inherited)",
					"@executable_path/Frameworks",
				);
				PRODUCT_BUNDLE_IDENTIFIER = "test.Test-Application";
				PRODUCT_NAME = "$(TARGET_NAME)";
				SWIFT_VERSION = 5.0;
				TARGETED_DEVICE_FAMILY = "1,2";
			};
			name = Release;
		};
/* End XCBuildConfiguration section */

/* Begin XCConfigurationList section */
		D3F75E4C26EB73FD0036BEA2 /* Build configuration list for PBXProject "Test Application" */ = {
			isa = XCConfigurationList;
			buildConfigurations = (
				D3F75E6326EB74000036BEA2 /* Debug */,
				D3F75E6426EB74000036BEA2 /* Release */,
			);
			defaultConfigurationIsVisible = 0;
			defaultConfigurationName = Release;
		};
		D3F75E6526EB74000036BEA2 /* Build configuration list for PBXNativeTarget "Test Application" */ = {
			isa = XCConfigurationList;
			buildConfigurations = (
				D3F75E6626EB74000036BEA2 /* Debug */,
				D3F75E6726EB74000036BEA2 /* Release */,
			);
			defaultConfigurationIsVisible = 0;
			defaultConfigurationName = Release;
		};
/* End XCConfigurationList section */
	};
	rootObject = D3F75E4926EB73FD0036BEA2 /* Project object */;
}
